
Microsoft Visual Studio Solution File, Format Version 12.00
# Visual Studio Version 17
VisualStudioVersion = 17.0.31903.59
MinimumVisualStudioVersion = 10.0.40219.1
Project("{2150E333-8FDC-42A3-9474-1A3956D46DE8}") = "src", "src", "{827E0CD3-B72D-47B6-A68D-7590B98EB39B}"
EndProject
Project("{FAE04EC0-301F-11D3-BF4B-00C04F79EFBC}") = "BlazorLens.Domain", "src\BlazorLens.Domain\BlazorLens.Domain.csproj", "{A59E7E11-991B-44F3-B8C2-F0BBD5B3F299}"
EndProject
Project("{FAE04EC0-301F-11D3-BF4B-00C04F79EFBC}") = "BlazorLens.Application", "src\BlazorLens.Application\BlazorLens.Application.csproj", "{F9DF11FD-22D1-4072-B0B2-A2B3F558E3CC}"
EndProject
Project("{FAE04EC0-301F-11D3-BF4B-00C04F79EFBC}") = "BlazorLens.Infrastructure", "src\BlazorLens.Infrastructure\BlazorLens.Infrastructure.csproj", "{64F1E438-FE72-4F87-8D4C-89B83D861FB5}"
EndProject
Project("{FAE04EC0-301F-11D3-BF4B-00C04F79EFBC}") = "BlazorLens.Web", "src\BlazorLens.Web\BlazorLens.Web.csproj", "{931A41D6-4BE2-4903-8F88-9CC764ED03E2}"
EndProject
Project("{FAE04EC0-301F-11D3-BF4B-00C04F79EFBC}") = "BlazorLens.Shared", "src\BlazorLens.Shared\BlazorLens.Shared.csproj", "{F64FA638-7353-46A8-A739-3E78E103E75A}"
EndProject
Project("{2150E333-8FDC-42A3-9474-1A3956D46DE8}") = "tests", "tests", "{0AB3BF05-4346-4AA6-1389-037BE0695223}"
EndProject
Project("{FAE04EC0-301F-11D3-BF4B-00C04F79EFBC}") = "BlazorLens.Domain.UnitTests", "tests\BlazorLens.Domain.UnitTests\BlazorLens.Domain.UnitTests.csproj", "{EA243841-1B52-4869-B8A6-CB023413B784}"
EndProject
Project("{FAE04EC0-301F-11D3-BF4B-00C04F79EFBC}") = "BlazorLens.Application.UnitTests", "tests\BlazorLens.Application.UnitTests\BlazorLens.Application.UnitTests.csproj", "{F29239A6-36B6-41EF-83F4-6DD0E72798BF}"
EndProject
Project("{FAE04EC0-301F-11D3-BF4B-00C04F79EFBC}") = "BlazorLens.Infrastructure.IntegrationTests", "tests\BlazorLens.Infrastructure.IntegrationTests\BlazorLens.Infrastructure.IntegrationTests.csproj", "{4D208DD1-7910-4E18-BC43-F60BE5CD2236}"
EndProject
Project("{FAE04EC0-301F-11D3-BF4B-00C04F79EFBC}") = "BlazorLens.Web.IntegrationTests", "tests\BlazorLens.Web.IntegrationTests\BlazorLens.Web.IntegrationTests.csproj", "{C259194A-6E9C-4EEC-A282-ED3FF79F51D8}"
EndProject
Global
	GlobalSection(SolutionConfigurationPlatforms) = preSolution
		Debug|Any CPU = Debug|Any CPU
		Debug|x64 = Debug|x64
		Debug|x86 = Debug|x86
		Release|Any CPU = Release|Any CPU
		Release|x64 = Release|x64
		Release|x86 = Release|x86
	EndGlobalSection
	GlobalSection(ProjectConfigurationPlatforms) = postSolution
		{A59E7E11-991B-44F3-B8C2-F0BBD5B3F299}.Debug|Any CPU.ActiveCfg = Debug|Any CPU
		{A59E7E11-991B-44F3-B8C2-F0BBD5B3F299}.Debug|Any CPU.Build.0 = Debug|Any CPU
		{A59E7E11-991B-44F3-B8C2-F0BBD5B3F299}.Debug|x64.ActiveCfg = Debug|Any CPU
		{A59E7E11-991B-44F3-B8C2-F0BBD5B3F299}.Debug|x64.Build.0 = Debug|Any CPU
		{A59E7E11-991B-44F3-B8C2-F0BBD5B3F299}.Debug|x86.ActiveCfg = Debug|Any CPU
		{A59E7E11-991B-44F3-B8C2-F0BBD5B3F299}.Debug|x86.Build.0 = Debug|Any CPU
		{A59E7E11-991B-44F3-B8C2-F0BBD5B3F299}.Release|Any CPU.ActiveCfg = Release|Any CPU
		{A59E7E11-991B-44F3-B8C2-F0BBD5B3F299}.Release|Any CPU.Build.0 = Release|Any CPU
		{A59E7E11-991B-44F3-B8C2-F0BBD5B3F299}.Release|x64.ActiveCfg = Release|Any CPU
		{A59E7E11-991B-44F3-B8C2-F0BBD5B3F299}.Release|x64.Build.0 = Release|Any CPU
		{A59E7E11-991B-44F3-B8C2-F0BBD5B3F299}.Release|x86.ActiveCfg = Release|Any CPU
		{A59E7E11-991B-44F3-B8C2-F0BBD5B3F299}.Release|x86.Build.0 = Release|Any CPU
		{F9DF11FD-22D1-4072-B0B2-A2B3F558E3CC}.Debug|Any CPU.ActiveCfg = Debug|Any CPU
		{F9DF11FD-22D1-4072-B0B2-A2B3F558E3CC}.Debug|Any CPU.Build.0 = Debug|Any CPU
		{F9DF11FD-22D1-4072-B0B2-A2B3F558E3CC}.Debug|x64.ActiveCfg = Debug|Any CPU
		{F9DF11FD-22D1-4072-B0B2-A2B3F558E3CC}.Debug|x64.Build.0 = Debug|Any CPU
		{F9DF11FD-22D1-4072-B0B2-A2B3F558E3CC}.Debug|x86.ActiveCfg = Debug|Any CPU
		{F9DF11FD-22D1-4072-B0B2-A2B3F558E3CC}.Debug|x86.Build.0 = Debug|Any CPU
		{F9DF11FD-22D1-4072-B0B2-A2B3F558E3CC}.Release|Any CPU.ActiveCfg = Release|Any CPU
		{F9DF11FD-22D1-4072-B0B2-A2B3F558E3CC}.Release|Any CPU.Build.0 = Release|Any CPU
		{F9DF11FD-22D1-4072-B0B2-A2B3F558E3CC}.Release|x64.ActiveCfg = Release|Any CPU
		{F9DF11FD-22D1-4072-B0B2-A2B3F558E3CC}.Release|x64.Build.0 = Release|Any CPU
		{F9DF11FD-22D1-4072-B0B2-A2B3F558E3CC}.Release|x86.ActiveCfg = Release|Any CPU
		{F9DF11FD-22D1-4072-B0B2-A2B3F558E3CC}.Release|x86.Build.0 = Release|Any CPU
		{64F1E438-FE72-4F87-8D4C-89B83D861FB5}.Debug|Any CPU.ActiveCfg = Debug|Any CPU
		{64F1E438-FE72-4F87-8D4C-89B83D861FB5}.Debug|Any CPU.Build.0 = Debug|Any CPU
		{64F1E438-FE72-4F87-8D4C-89B83D861FB5}.Debug|x64.ActiveCfg = Debug|Any CPU
		{64F1E438-FE72-4F87-8D4C-89B83D861FB5}.Debug|x64.Build.0 = Debug|Any CPU
		{64F1E438-FE72-4F87-8D4C-89B83D861FB5}.Debug|x86.ActiveCfg = Debug|Any CPU
		{64F1E438-FE72-4F87-8D4C-89B83D861FB5}.Debug|x86.Build.0 = Debug|Any CPU
		{64F1E438-FE72-4F87-8D4C-89B83D861FB5}.Release|Any CPU.ActiveCfg = Release|Any CPU
		{64F1E438-FE72-4F87-8D4C-89B83D861FB5}.Release|Any CPU.Build.0 = Release|Any CPU
		{64F1E438-FE72-4F87-8D4C-89B83D861FB5}.Release|x64.ActiveCfg = Release|Any CPU
		{64F1E438-FE72-4F87-8D4C-89B83D861FB5}.Release|x64.Build.0 = Release|Any CPU
		{64F1E438-FE72-4F87-8D4C-89B83D861FB5}.Release|x86.ActiveCfg = Release|Any CPU
		{64F1E438-FE72-4F87-8D4C-89B83D861FB5}.Release|x86.Build.0 = Release|Any CPU
		{931A41D6-4BE2-4903-8F88-9CC764ED03E2}.Debug|Any CPU.ActiveCfg = Debug|Any CPU
		{931A41D6-4BE2-4903-8F88-9CC764ED03E2}.Debug|Any CPU.Build.0 = Debug|Any CPU
		{931A41D6-4BE2-4903-8F88-9CC764ED03E2}.Debug|x64.ActiveCfg = Debug|Any CPU
		{931A41D6-4BE2-4903-8F88-9CC764ED03E2}.Debug|x64.Build.0 = Debug|Any CPU
		{931A41D6-4BE2-4903-8F88-9CC764ED03E2}.Debug|x86.ActiveCfg = Debug|Any CPU
		{931A41D6-4BE2-4903-8F88-9CC764ED03E2}.Debug|x86.Build.0 = Debug|Any CPU
		{931A41D6-4BE2-4903-8F88-9CC764ED03E2}.Release|Any CPU.ActiveCfg = Release|Any CPU
		{931A41D6-4BE2-4903-8F88-9CC764ED03E2}.Release|Any CPU.Build.0 = Release|Any CPU
		{931A41D6-4BE2-4903-8F88-9CC764ED03E2}.Release|x64.ActiveCfg = Release|Any CPU
		{931A41D6-4BE2-4903-8F88-9CC764ED03E2}.Release|x64.Build.0 = Release|Any CPU
		{931A41D6-4BE2-4903-8F88-9CC764ED03E2}.Release|x86.ActiveCfg = Release|Any CPU
		{931A41D6-4BE2-4903-8F88-9CC764ED03E2}.Release|x86.Build.0 = Release|Any CPU
		{F64FA638-7353-46A8-A739-3E78E103E75A}.Debug|Any CPU.ActiveCfg = Debug|Any CPU
		{F64FA638-7353-46A8-A739-3E78E103E75A}.Debug|Any CPU.Build.0 = Debug|Any CPU
		{F64FA638-7353-46A8-A739-3E78E103E75A}.Debug|x64.ActiveCfg = Debug|Any CPU
		{F64FA638-7353-46A8-A739-3E78E103E75A}.Debug|x64.Build.0 = Debug|Any CPU
		{F64FA638-7353-46A8-A739-3E78E103E75A}.Debug|x86.ActiveCfg = Debug|Any CPU
		{F64FA638-7353-46A8-A739-3E78E103E75A}.Debug|x86.Build.0 = Debug|Any CPU
		{F64FA638-7353-46A8-A739-3E78E103E75A}.Release|Any CPU.ActiveCfg = Release|Any CPU
		{F64FA638-7353-46A8-A739-3E78E103E75A}.Release|Any CPU.Build.0 = Release|Any CPU
		{F64FA638-7353-46A8-A739-3E78E103E75A}.Release|x64.ActiveCfg = Release|Any CPU
		{F64FA638-7353-46A8-A739-3E78E103E75A}.Release|x64.Build.0 = Release|Any CPU
		{F64FA638-7353-46A8-A739-3E78E103E75A}.Release|x86.ActiveCfg = Release|Any CPU
		{F64FA638-7353-46A8-A739-3E78E103E75A}.Release|x86.Build.0 = Release|Any CPU
		{EA243841-1B52-4869-B8A6-CB023413B784}.Debug|Any CPU.ActiveCfg = Debug|Any CPU
		{EA243841-1B52-4869-B8A6-CB023413B784}.Debug|Any CPU.Build.0 = Debug|Any CPU
		{EA243841-1B52-4869-B8A6-CB023413B784}.Debug|x64.ActiveCfg = Debug|Any CPU
		{EA243841-1B52-4869-B8A6-CB023413B784}.Debug|x64.Build.0 = Debug|Any CPU
		{EA243841-1B52-4869-B8A6-CB023413B784}.Debug|x86.ActiveCfg = Debug|Any CPU
		{EA243841-1B52-4869-B8A6-CB023413B784}.Debug|x86.Build.0 = Debug|Any CPU
		{EA243841-1B52-4869-B8A6-CB023413B784}.Release|Any CPU.ActiveCfg = Release|Any CPU
		{EA243841-1B52-4869-B8A6-CB023413B784}.Release|Any CPU.Build.0 = Release|Any CPU
		{EA243841-1B52-4869-B8A6-CB023413B784}.Release|x64.ActiveCfg = Release|Any CPU
		{EA243841-1B52-4869-B8A6-CB023413B784}.Release|x64.Build.0 = Release|Any CPU
		{EA243841-1B52-4869-B8A6-CB023413B784}.Release|x86.ActiveCfg = Release|Any CPU
		{EA243841-1B52-4869-B8A6-CB023413B784}.Release|x86.Build.0 = Release|Any CPU
		{F29239A6-36B6-41EF-83F4-6DD0E72798BF}.Debug|Any CPU.ActiveCfg = Debug|Any CPU
		{F29239A6-36B6-41EF-83F4-6DD0E72798BF}.Debug|Any CPU.Build.0 = Debug|Any CPU
		{F29239A6-36B6-41EF-83F4-6DD0E72798BF}.Debug|x64.ActiveCfg = Debug|Any CPU
		{F29239A6-36B6-41EF-83F4-6DD0E72798BF}.Debug|x64.Build.0 = Debug|Any CPU
		{F29239A6-36B6-41EF-83F4-6DD0E72798BF}.Debug|x86.ActiveCfg = Debug|Any CPU
		{F29239A6-36B6-41EF-83F4-6DD0E72798BF}.Debug|x86.Build.0 = Debug|Any CPU
		{F29239A6-36B6-41EF-83F4-6DD0E72798BF}.Release|Any CPU.ActiveCfg = Release|Any CPU
		{F29239A6-36B6-41EF-83F4-6DD0E72798BF}.Release|Any CPU.Build.0 = Release|Any CPU
		{F29239A6-36B6-41EF-83F4-6DD0E72798BF}.Release|x64.ActiveCfg = Release|Any CPU
		{F29239A6-36B6-41EF-83F4-6DD0E72798BF}.Release|x64.Build.0 = Release|Any CPU
		{F29239A6-36B6-41EF-83F4-6DD0E72798BF}.Release|x86.ActiveCfg = Release|Any CPU
		{F29239A6-36B6-41EF-83F4-6DD0E72798BF}.Release|x86.Build.0 = Release|Any CPU
		{4D208DD1-7910-4E18-BC43-F60BE5CD2236}.Debug|Any CPU.ActiveCfg = Debug|Any CPU
		{4D208DD1-7910-4E18-BC43-F60BE5CD2236}.Debug|Any CPU.Build.0 = Debug|Any CPU
		{4D208DD1-7910-4E18-BC43-F60BE5CD2236}.Debug|x64.ActiveCfg = Debug|Any CPU
		{4D208DD1-7910-4E18-BC43-F60BE5CD2236}.Debug|x64.Build.0 = Debug|Any CPU
		{4D208DD1-7910-4E18-BC43-F60BE5CD2236}.Debug|x86.ActiveCfg = Debug|Any CPU
		{4D208DD1-7910-4E18-BC43-F60BE5CD2236}.Debug|x86.Build.0 = Debug|Any CPU
		{4D208DD1-7910-4E18-BC43-F60BE5CD2236}.Release|Any CPU.ActiveCfg = Release|Any CPU
		{4D208DD1-7910-4E18-BC43-F60BE5CD2236}.Release|Any CPU.Build.0 = Release|Any CPU
		{4D208DD1-7910-4E18-BC43-F60BE5CD2236}.Release|x64.ActiveCfg = Release|Any CPU
		{4D208DD1-7910-4E18-BC43-F60BE5CD2236}.Release|x64.Build.0 = Release|Any CPU
		{4D208DD1-7910-4E18-BC43-F60BE5CD2236}.Release|x86.ActiveCfg = Release|Any CPU
		{4D208DD1-7910-4E18-BC43-F60BE5CD2236}.Release|x86.Build.0 = Release|Any CPU
		{C259194A-6E9C-4EEC-A282-ED3FF79F51D8}.Debug|Any CPU.ActiveCfg = Debug|Any CPU
		{C259194A-6E9C-4EEC-A282-ED3FF79F51D8}.Debug|Any CPU.Build.0 = Debug|Any CPU
		{C259194A-6E9C-4EEC-A282-ED3FF79F51D8}.Debug|x64.ActiveCfg = Debug|Any CPU
		{C259194A-6E9C-4EEC-A282-ED3FF79F51D8}.Debug|x64.Build.0 = Debug|Any CPU
		{C259194A-6E9C-4EEC-A282-ED3FF79F51D8}.Debug|x86.ActiveCfg = Debug|Any CPU
		{C259194A-6E9C-4EEC-A282-ED3FF79F51D8}.Debug|x86.Build.0 = Debug|Any CPU
		{C259194A-6E9C-4EEC-A282-ED3FF79F51D8}.Release|Any CPU.ActiveCfg = Release|Any CPU
		{C259194A-6E9C-4EEC-A282-ED3FF79F51D8}.Release|Any CPU.Build.0 = Release|Any CPU
		{C259194A-6E9C-4EEC-A282-ED3FF79F51D8}.Release|x64.ActiveCfg = Release|Any CPU
		{C259194A-6E9C-4EEC-A282-ED3FF79F51D8}.Release|x64.Build.0 = Release|Any CPU
		{C259194A-6E9C-4EEC-A282-ED3FF79F51D8}.Release|x86.ActiveCfg = Release|Any CPU
		{C259194A-6E9C-4EEC-A282-ED3FF79F51D8}.Release|x86.Build.0 = Release|Any CPU
	EndGlobalSection
	GlobalSection(SolutionProperties) = preSolution
		HideSolutionNode = FALSE
	EndGlobalSection
	GlobalSection(NestedProjects) = preSolution
		{A59E7E11-991B-44F3-B8C2-F0BBD5B3F299} = {827E0CD3-B72D-47B6-A68D-7590B98EB39B}
		{F9DF11FD-22D1-4072-B0B2-A2B3F558E3CC} = {827E0CD3-B72D-47B6-A68D-7590B98EB39B}
		{64F1E438-FE72-4F87-8D4C-89B83D861FB5} = {827E0CD3-B72D-47B6-A68D-7590B98EB39B}
		{931A41D6-4BE2-4903-8F88-9CC764ED03E2} = {827E0CD3-B72D-47B6-A68D-7590B98EB39B}
		{F64FA638-7353-46A8-A739-3E78E103E75A} = {827E0CD3-B72D-47B6-A68D-7590B98EB39B}
		{EA243841-1B52-4869-B8A6-CB023413B784} = {0AB3BF05-4346-4AA6-1389-037BE0695223}
		{F29239A6-36B6-41EF-83F4-6DD0E72798BF} = {0AB3BF05-4346-4AA6-1389-037BE0695223}
		{4D208DD1-7910-4E18-BC43-F60BE5CD2236} = {0AB3BF05-4346-4AA6-1389-037BE0695223}
		{C259194A-6E9C-4EEC-A282-ED3FF79F51D8} = {0AB3BF05-4346-4AA6-1389-037BE0695223}
	EndGlobalSection
EndGlobal
